// !$*UTF8*$!
{
	archiveVersion = 1;
	classes = {
	};
	objectVersion = 46;
	objects = {

/* Begin PBXBuildFile section */
		274BA4911CF7D747001D02F9 /* AppDelegate.swift in Sources */ = {isa = PBXBuildFile; fileRef = 274BA4901CF7D747001D02F9 /* AppDelegate.swift */; };
		274BA4931CF7D747001D02F9 /* ViewController.swift in Sources */ = {isa = PBXBuildFile; fileRef = 274BA4921CF7D747001D02F9 /* ViewController.swift */; };
		274BA4961CF7D747001D02F9 /* Main.storyboard in Resources */ = {isa = PBXBuildFile; fileRef = 274BA4941CF7D747001D02F9 /* Main.storyboard */; };
		274BA4981CF7D747001D02F9 /* Assets.xcassets in Resources */ = {isa = PBXBuildFile; fileRef = 274BA4971CF7D747001D02F9 /* Assets.xcassets */; };
		274BA49B1CF7D747001D02F9 /* LaunchScreen.storyboard in Resources */ = {isa = PBXBuildFile; fileRef = 274BA4991CF7D747001D02F9 /* LaunchScreen.storyboard */; };
		274BA4A61CF7D747001D02F9 /* HBSegmentViewTests.swift in Sources */ = {isa = PBXBuildFile; fileRef = 274BA4A51CF7D747001D02F9 /* HBSegmentViewTests.swift */; };
		274BA4B11CF7D747001D02F9 /* HBSegmentViewUITests.swift in Sources */ = {isa = PBXBuildFile; fileRef = 274BA4B01CF7D747001D02F9 /* HBSegmentViewUITests.swift */; };
		275D0AC61CF7DF7F00687451 /* HBSegmentView.swift in Sources */ = {isa = PBXBuildFile; fileRef = 275D0AC51CF7DF7F00687451 /* HBSegmentView.swift */; };
/* End PBXBuildFile section */

/* Begin PBXContainerItemProxy section */
		274BA4A21CF7D747001D02F9 /* PBXContainerItemProxy */ = {
			isa = PBXContainerItemProxy;
			containerPortal = 274BA4851CF7D747001D02F9 /* Project object */;
			proxyType = 1;
			remoteGlobalIDString = 274BA48C1CF7D747001D02F9;
			remoteInfo = HBSegmentView;
		};
		274BA4AD1CF7D747001D02F9 /* PBXContainerItemProxy */ = {
			isa = PBXContainerItemProxy;
			containerPortal = 274BA4851CF7D747001D02F9 /* Project object */;
			proxyType = 1;
			remoteGlobalIDString = 274BA48C1CF7D747001D02F9;
			remoteInfo = HBSegmentView;
		};
/* End PBXContainerItemProxy section */

/* Begin PBXFileReference section */
		274BA48D1CF7D747001D02F9 /* HBSegmentView.app */ = {isa = PBXFileReference; explicitFileType = wrapper.application; includeInIndex = 0; path = HBSegmentView.app; sourceTree = BUILT_PRODUCTS_DIR; };
		274BA4901CF7D747001D02F9 /* AppDelegate.swift */ = {isa = PBXFileReference; lastKnownFileType = sourcecode.swift; path = AppDelegate.swift; sourceTree = "<group>"; };
		274BA4921CF7D747001D02F9 /* ViewController.swift */ = {isa = PBXFileReference; lastKnownFileType = sourcecode.swift; path = ViewController.swift; sourceTree = "<group>"; };
		274BA4951CF7D747001D02F9 /* Base */ = {isa = PBXFileReference; lastKnownFileType = file.storyboard; name = Base; path = Base.lproj/Main.storyboard; sourceTree = "<group>"; };
		274BA4971CF7D747001D02F9 /* Assets.xcassets */ = {isa = PBXFileReference; lastKnownFileType = folder.assetcatalog; path = Assets.xcassets; sourceTree = "<group>"; };
		274BA49A1CF7D747001D02F9 /* Base */ = {isa = PBXFileReference; lastKnownFileType = file.storyboard; name = Base; path = Base.lproj/LaunchScreen.storyboard; sourceTree = "<group>"; };
		274BA49C1CF7D747001D02F9 /* Info.plist */ = {isa = PBXFileReference; lastKnownFileType = text.plist.xml; path = Info.plist; sourceTree = "<group>"; };
		274BA4A11CF7D747001D02F9 /* HBSegmentViewTests.xctest */ = {isa = PBXFileReference; explicitFileType = wrapper.cfbundle; includeInIndex = 0; path = HBSegmentViewTests.xctest; sourceTree = BUILT_PRODUCTS_DIR; };
		274BA4A51CF7D747001D02F9 /* HBSegmentViewTests.swift */ = {isa = PBXFileReference; lastKnownFileType = sourcecode.swift; path = HBSegmentViewTests.swift; sourceTree = "<group>"; };
		274BA4A71CF7D747001D02F9 /* Info.plist */ = {isa = PBXFileReference; lastKnownFileType = text.plist.xml; path = Info.plist; sourceTree = "<group>"; };
		274BA4AC1CF7D747001D02F9 /* HBSegmentViewUITests.xctest */ = {isa = PBXFileReference; explicitFileType = wrapper.cfbundle; includeInIndex = 0; path = HBSegmentViewUITests.xctest; sourceTree = BUILT_PRODUCTS_DIR; };
		274BA4B01CF7D747001D02F9 /* HBSegmentViewUITests.swift */ = {isa = PBXFileReference; lastKnownFileType = sourcecode.swift; path = HBSegmentViewUITests.swift; sourceTree = "<group>"; };
		274BA4B21CF7D747001D02F9 /* Info.plist */ = {isa = PBXFileReference; lastKnownFileType = text.plist.xml; path = Info.plist; sourceTree = "<group>"; };
		275D0AC51CF7DF7F00687451 /* HBSegmentView.swift */ = {isa = PBXFileReference; fileEncoding = 4; lastKnownFileType = sourcecode.swift; path = HBSegmentView.swift; sourceTree = "<group>"; };
/* End PBXFileReference section */

/* Begin PBXFrameworksBuildPhase section */
		274BA48A1CF7D747001D02F9 /* Frameworks */ = {
			isa = PBXFrameworksBuildPhase;
			buildActionMask = 2147483647;
			files = (
			);
			runOnlyForDeploymentPostprocessing = 0;
		};
		274BA49E1CF7D747001D02F9 /* Frameworks */ = {
			isa = PBXFrameworksBuildPhase;
			buildActionMask = 2147483647;
			files = (
			);
			runOnlyForDeploymentPostprocessing = 0;
		};
		274BA4A91CF7D747001D02F9 /* Frameworks */ = {
			isa = PBXFrameworksBuildPhase;
			buildActionMask = 2147483647;
			files = (
			);
			runOnlyForDeploymentPostprocessing = 0;
		};
/* End PBXFrameworksBuildPhase section */

/* Begin PBXGroup section */
		274BA4841CF7D747001D02F9 = {
			isa = PBXGroup;
			children = (
				274BA48F1CF7D747001D02F9 /* HBSegmentView */,
				274BA4A41CF7D747001D02F9 /* HBSegmentViewTests */,
				274BA4AF1CF7D747001D02F9 /* HBSegmentViewUITests */,
				274BA48E1CF7D747001D02F9 /* Products */,
			);
			sourceTree = "<group>";
		};
		274BA48E1CF7D747001D02F9 /* Products */ = {
			isa = PBXGroup;
			children = (
				274BA48D1CF7D747001D02F9 /* HBSegmentView.app */,
				274BA4A11CF7D747001D02F9 /* HBSegmentViewTests.xctest */,
				274BA4AC1CF7D747001D02F9 /* HBSegmentViewUITests.xctest */,
			);
			name = Products;
			sourceTree = "<group>";
		};
		274BA48F1CF7D747001D02F9 /* HBSegmentView */ = {
			isa = PBXGroup;
			children = (
				274BA4901CF7D747001D02F9 /* AppDelegate.swift */,
				274BA4921CF7D747001D02F9 /* ViewController.swift */,
				274BA4941CF7D747001D02F9 /* Main.storyboard */,
				275D0AC51CF7DF7F00687451 /* HBSegmentView.swift */,
				274BA4971CF7D747001D02F9 /* Assets.xcassets */,
				274BA4991CF7D747001D02F9 /* LaunchScreen.storyboard */,
				274BA49C1CF7D747001D02F9 /* Info.plist */,
			);
			path = HBSegmentView;
			sourceTree = "<group>";
		};
		274BA4A41CF7D747001D02F9 /* HBSegmentViewTests */ = {
			isa = PBXGroup;
			children = (
				274BA4A51CF7D747001D02F9 /* HBSegmentViewTests.swift */,
				274BA4A71CF7D747001D02F9 /* Info.plist */,
			);
			path = HBSegmentViewTests;
			sourceTree = "<group>";
		};
		274BA4AF1CF7D747001D02F9 /* HBSegmentViewUITests */ = {
			isa = PBXGroup;
			children = (
				274BA4B01CF7D747001D02F9 /* HBSegmentViewUITests.swift */,
				274BA4B21CF7D747001D02F9 /* Info.plist */,
			);
			path = HBSegmentViewUITests;
			sourceTree = "<group>";
		};
/* End PBXGroup section */

/* Begin PBXNativeTarget section */
		274BA48C1CF7D747001D02F9 /* HBSegmentView */ = {
			isa = PBXNativeTarget;
			buildConfigurationList = 274BA4B51CF7D747001D02F9 /* Build configuration list for PBXNativeTarget "HBSegmentView" */;
			buildPhases = (
				274BA4891CF7D747001D02F9 /* Sources */,
				274BA48A1CF7D747001D02F9 /* Frameworks */,
				274BA48B1CF7D747001D02F9 /* Resources */,
			);
			buildRules = (
			);
			dependencies = (
			);
			name = HBSegmentView;
			productName = HBSegmentView;
			productReference = 274BA48D1CF7D747001D02F9 /* HBSegmentView.app */;
			productType = "com.apple.product-type.application";
		};
		274BA4A01CF7D747001D02F9 /* HBSegmentViewTests */ = {
			isa = PBXNativeTarget;
			buildConfigurationList = 274BA4B81CF7D747001D02F9 /* Build configuration list for PBXNativeTarget "HBSegmentViewTests" */;
			buildPhases = (
				274BA49D1CF7D747001D02F9 /* Sources */,
				274BA49E1CF7D747001D02F9 /* Frameworks */,
				274BA49F1CF7D747001D02F9 /* Resources */,
			);
			buildRules = (
			);
			dependencies = (
				274BA4A31CF7D747001D02F9 /* PBXTargetDependency */,
			);
			name = HBSegmentViewTests;
			productName = HBSegmentViewTests;
			productReference = 274BA4A11CF7D747001D02F9 /* HBSegmentViewTests.xctest */;
			productType = "com.apple.product-type.bundle.unit-test";
		};
		274BA4AB1CF7D747001D02F9 /* HBSegmentViewUITests */ = {
			isa = PBXNativeTarget;
			buildConfigurationList = 274BA4BB1CF7D747001D02F9 /* Build configuration list for PBXNativeTarget "HBSegmentViewUITests" */;
			buildPhases = (
				274BA4A81CF7D747001D02F9 /* Sources */,
				274BA4A91CF7D747001D02F9 /* Frameworks */,
				274BA4AA1CF7D747001D02F9 /* Resources */,
			);
			buildRules = (
			);
			dependencies = (
				274BA4AE1CF7D747001D02F9 /* PBXTargetDependency */,
			);
			name = HBSegmentViewUITests;
			productName = HBSegmentViewUITests;
			productReference = 274BA4AC1CF7D747001D02F9 /* HBSegmentViewUITests.xctest */;
			productType = "com.apple.product-type.bundle.ui-testing";
		};
/* End PBXNativeTarget section */

/* Begin PBXProject section */
		274BA4851CF7D747001D02F9 /* Project object */ = {
			isa = PBXProject;
			attributes = {
				LastSwiftUpdateCheck = 0730;
				LastUpgradeCheck = 0730;
				ORGANIZATIONNAME = HBXC;
				TargetAttributes = {
					274BA48C1CF7D747001D02F9 = {
						CreatedOnToolsVersion = 7.3.1;
					};
					274BA4A01CF7D747001D02F9 = {
						CreatedOnToolsVersion = 7.3.1;
						TestTargetID = 274BA48C1CF7D747001D02F9;
					};
					274BA4AB1CF7D747001D02F9 = {
						CreatedOnToolsVersion = 7.3.1;
						TestTargetID = 274BA48C1CF7D747001D02F9;
					};
				};
			};
			buildConfigurationList = 274BA4881CF7D747001D02F9 /* Build configuration list for PBXProject "HBSegmentView" */;
			compatibilityVersion = "Xcode 3.2";
			developmentRegion = English;
			hasScannedForEncodings = 0;
			knownRegions = (
				en,
				Base,
			);
			mainGroup = 274BA4841CF7D747001D02F9;
			productRefGroup = 274BA48E1CF7D747001D02F9 /* Products */;
			projectDirPath = "";
			projectRoot = "";
			targets = (
				274BA48C1CF7D747001D02F9 /* HBSegmentView */,
				274BA4A01CF7D747001D02F9 /* HBSegmentViewTests */,
				274BA4AB1CF7D747001D02F9 /* HBSegmentViewUITests */,
			);
		};
/* End PBXProject section */

/* Begin PBXResourcesBuildPhase section */
		274BA48B1CF7D747001D02F9 /* Resources */ = {
			isa = PBXResourcesBuildPhase;
			buildActionMask = 2147483647;
			files = (
				274BA49B1CF7D747001D02F9 /* LaunchScreen.storyboard in Resources */,
				274BA4981CF7D747001D02F9 /* Assets.xcassets in Resources */,
				274BA4961CF7D747001D02F9 /* Main.storyboard in Resources */,
			);
			runOnlyForDeploymentPostprocessing = 0;
		};
		274BA49F1CF7D747001D02F9 /* Resources */ = {
			isa = PBXResourcesBuildPhase;
			buildActionMask = 2147483647;
			files = (
			);
			runOnlyForDeploymentPostprocessing = 0;
		};
		274BA4AA1CF7D747001D02F9 /* Resources */ = {
			isa = PBXResourcesBuildPhase;
			buildActionMask = 2147483647;
			files = (
			);
			runOnlyForDeploymentPostprocessing = 0;
		};
/* End PBXResourcesBuildPhase section */

/* Begin PBXSourcesBuildPhase section */
		274BA4891CF7D747001D02F9 /* Sources */ = {
			isa = PBXSourcesBuildPhase;
			buildActionMask = 2147483647;
			files = (
				274BA4931CF7D747001D02F9 /* ViewController.swift in Sources */,
				274BA4911CF7D747001D02F9 /* AppDelegate.swift in Sources */,
				275D0AC61CF7DF7F00687451 /* HBSegmentView.swift in Sources */,
			);
			runOnlyForDeploymentPostprocessing = 0;
		};
		274BA49D1CF7D747001D02F9 /* Sources */ = {
			isa = PBXSourcesBuildPhase;
			buildActionMask = 2147483647;
			files = (
				274BA4A61CF7D747001D02F9 /* HBSegmentViewTests.swift in Sources */,
			);
			runOnlyForDeploymentPostprocessing = 0;
		};
		274BA4A81CF7D747001D02F9 /* Sources */ = {
			isa = PBXSourcesBuildPhase;
			buildActionMask = 2147483647;
			files = (
				274BA4B11CF7D747001D02F9 /* HBSegmentViewUITests.swift in Sources */,
			);
			runOnlyForDeploymentPostprocessing = 0;
		};
/* End PBXSourcesBuildPhase section */

/* Begin PBXTargetDependency section */
		274BA4A31CF7D747001D02F9 /* PBXTargetDependency */ = {
			isa = PBXTargetDependency;
			target = 274BA48C1CF7D747001D02F9 /* HBSegmentView */;
			targetProxy = 274BA4A21CF7D747001D02F9 /* PBXContainerItemProxy */;
		};
		274BA4AE1CF7D747001D02F9 /* PBXTargetDependency */ = {
			isa = PBXTargetDependency;
			target = 274BA48C1CF7D747001D02F9 /* HBSegmentView */;
			targetProxy = 274BA4AD1CF7D747001D02F9 /* PBXContainerItemProxy */;
		};
/* End PBXTargetDependency section */

/* Begin PBXVariantGroup section */
		274BA4941CF7D747001D02F9 /* Main.storyboard */ = {
			isa = PBXVariantGroup;
			children = (
				274BA4951CF7D747001D02F9 /* Base */,
			);
			name = Main.storyboard;
			sourceTree = "<group>";
		};
		274BA4991CF7D747001D02F9 /* LaunchScreen.storyboard */ = {
			isa = PBXVariantGroup;
			children = (
				274BA49A1CF7D747001D02F9 /* Base */,
			);
			name = LaunchScreen.storyboard;
			sourceTree = "<group>";
		};
/* End PBXVariantGroup section */

/* Begin XCBuildConfiguration section */
		274BA4B31CF7D747001D02F9 /* Debug */ = {
			isa = XCBuildConfiguration;
			buildSettings = {
				ALWAYS_SEARCH_USER_PATHS = NO;
				CLANG_ANALYZER_NONNULL = YES;
				CLANG_CXX_LANGUAGE_STANDARD = "gnu++0x";
				CLANG_CXX_LIBRARY = "libc++";
				CLANG_ENABLE_MODULES = YES;
				CLANG_ENABLE_OBJC_ARC = YES;
				CLANG_WARN_BOOL_CONVERSION = YES;
				CLANG_WARN_CONSTANT_CONVERSION = YES;
				CLANG_WARN_DIRECT_OBJC_ISA_USAGE = YES_ERROR;
				CLANG_WARN_EMPTY_BODY = YES;
				CLANG_WARN_ENUM_CONVERSION = YES;
				CLANG_WARN_INT_CONVERSION = YES;
				CLANG_WARN_OBJC_ROOT_CLASS = YES_ERROR;
				CLANG_WARN_UNREACHABLE_CODE = YES;
				CLANG_WARN__DUPLICATE_METHOD_MATCH = YES;
				"CODE_SIGN_IDENTITY[sdk=iphoneos*]" = "iPhone Developer";
				COPY_PHASE_STRIP = NO;
				DEBUG_INFORMATION_FORMAT = dwarf;
				ENABLE_STRICT_OBJC_MSGSEND = YES;
				ENABLE_TESTABILITY = YES;
				GCC_C_LANGUAGE_STANDARD = gnu99;
				GCC_DYNAMIC_NO_PIC = NO;
				GCC_NO_COMMON_BLOCKS = YES;
				GCC_OPTIMIZATION_LEVEL = 0;
				GCC_PREPROCESSOR_DEFINITIONS = (
					"DEBUG=1",
					"$(inherited)",
				);
				GCC_WARN_64_TO_32_BIT_CONVERSION = YES;
				GCC_WARN_ABOUT_RETURN_TYPE = YES_ERROR;
				GCC_WARN_UNDECLARED_SELECTOR = YES;
				GCC_WARN_UNINITIALIZED_AUTOS = YES_AGGRESSIVE;
				GCC_WARN_UNUSED_FUNCTION = YES;
				GCC_WARN_UNUSED_VARIABLE = YES;
				IPHONEOS_DEPLOYMENT_TARGET = 9.3;
				MTL_ENABLE_DEBUG_INFO = YES;
				ONLY_ACTIVE_ARCH = YES;
				SDKROOT = iphoneos;
				SWIFT_OPTIMIZATION_LEVEL = "-Onone";
				TARGETED_DEVICE_FAMILY = "1,2";
			};
			name = Debug;
		};
		274BA4B41CF7D747001D02F9 /* Release */ = {
			isa = XCBuildConfiguration;
			buildSettings = {
				ALWAYS_SEARCH_USER_PATHS = NO;
				CLANG_ANALYZER_NONNULL = YES;
				CLANG_CXX_LANGUAGE_STANDARD = "gnu++0x";
				CLANG_CXX_LIBRARY = "libc++";
				CLANG_ENABLE_MODULES = YES;
				CLANG_ENABLE_OBJC_ARC = YES;
				CLANG_WARN_BOOL_CONVERSION = YES;
				CLANG_WARN_CONSTANT_CONVERSION = YES;
				CLANG_WARN_DIRECT_OBJC_ISA_USAGE = YES_ERROR;
				CLANG_WARN_EMPTY_BODY = YES;
				CLANG_WARN_ENUM_CONVERSION = YES;
				CLANG_WARN_INT_CONVERSION = YES;
				CLANG_WARN_OBJC_ROOT_CLASS = YES_ERROR;
				CLANG_WARN_UNREACHABLE_CODE = YES;
				CLANG_WARN__DUPLICATE_METHOD_MATCH = YES;
				"CODE_SIGN_IDENTITY[sdk=iphoneos*]" = "iPhone Developer";
				COPY_PHASE_STRIP = NO;
				DEBUG_INFORMATION_FORMAT = "dwarf-with-dsym";
				ENABLE_NS_ASSERTIONS = NO;
				ENABLE_STRICT_OBJC_MSGSEND = YES;
				GCC_C_LANGUAGE_STANDARD = gnu99;
				GCC_NO_COMMON_BLOCKS = YES;
				GCC_WARN_64_TO_32_BIT_CONVERSION = YES;
				GCC_WARN_ABOUT_RETURN_TYPE = YES_ERROR;
				GCC_WARN_UNDECLARED_SELECTOR = YES;
				GCC_WARN_UNINITIALIZED_AUTOS = YES_AGGRESSIVE;
				GCC_WARN_UNUSED_FUNCTION = YES;
				GCC_WARN_UNUSED_VARIABLE = YES;
				IPHONEOS_DEPLOYMENT_TARGET = 9.3;
				MTL_ENABLE_DEBUG_INFO = NO;
				SDKROOT = iphoneos;
				TARGETED_DEVICE_FAMILY = "1,2";
				VALIDATE_PRODUCT = YES;
			};
			name = Release;
		};
		274BA4B61CF7D747001D02F9 /* Debug */ = {
			isa = XCBuildConfiguration;
			buildSettings = {
				ASSETCATALOG_COMPILER_APPICON_NAME = AppIcon;
				INFOPLIST_FILE = HBSegmentView/Info.plist;
				LD_RUNPATH_SEARCH_PATHS = "$(inherited) @executable_path/Frameworks";
				PRODUCT_BUNDLE_IDENTIFIER = HB.HBSegmentView;
				PRODUCT_NAME = "$(TARGET_NAME)";
			};
			name = Debug;
		};
		274BA4B71CF7D747001D02F9 /* Release */ = {
			isa = XCBuildConfiguration;
			buildSettings = {
				ASSETCATALOG_COMPILER_APPICON_NAME = AppIcon;
				INFOPLIST_FILE = HBSegmentView/Info.plist;
				LD_RUNPATH_SEARCH_PATHS = "$(inherited) @executable_path/Frameworks";
				PRODUCT_BUNDLE_IDENTIFIER = HB.HBSegmentView;
				PRODUCT_NAME = "$(TARGET_NAME)";
			};
			name = Release;
		};
		274BA4B91CF7D747001D02F9 /* Debug */ = {
			isa = XCBuildConfiguration;
			buildSettings = {
				BUNDLE_LOADER = "$(TEST_HOST)";
				INFOPLIST_FILE = HBSegmentViewTests/Info.plist;
				LD_RUNPATH_SEARCH_PATHS = "$(inherited) @executable_path/Frameworks @loader_path/Frameworks";
				PRODUCT_BUNDLE_IDENTIFIER = HB.HBSegmentViewTests;
				PRODUCT_NAME = "$(TARGET_NAME)";
				TEST_HOST = "$(BUILT_PRODUCTS_DIR)/HBSegmentView.app/HBSegmentView";
			};
			name = Debug;
		};
		274BA4BA1CF7D747001D02F9 /* Release */ = {
			isa = XCBuildConfiguration;
			buildSettings = {
				BUNDLE_LOADER = "$(TEST_HOST)";
				INFOPLIST_FILE = HBSegmentViewTests/Info.plist;
				LD_RUNPATH_SEARCH_PATHS = "$(inherited) @executable_path/Frameworks @loader_path/Frameworks";
				PRODUCT_BUNDLE_IDENTIFIER = HB.HBSegmentViewTests;
				PRODUCT_NAME = "$(TARGET_NAME)";
				TEST_HOST = "$(BUILT_PRODUCTS_DIR)/HBSegmentView.app/HBSegmentView";
			};
			name = Release;
		};
		274BA4BC1CF7D747001D02F9 /* Debug */ = {
			isa = XCBuildConfiguration;
			buildSettings = {
				INFOPLIST_FILE = HBSegmentViewUITests/Info.plist;
				LD_RUNPATH_SEARCH_PATHS = "$(inherited) @executable_path/Frameworks @loader_path/Frameworks";
				PRODUCT_BUNDLE_IDENTIFIER = HB.HBSegmentViewUITests;
				PRODUCT_NAME = "$(TARGET_NAME)";
				TEST_TARGET_NAME = HBSegmentView;
			};
			name = Debug;
		};
		274BA4BD1CF7D747001D02F9 /* Release */ = {
			isa = XCBuildConfiguration;
			buildSettings = {
				INFOPLIST_FILE = HBSegmentViewUITests/Info.plist;
				LD_RUNPATH_SEARCH_PATHS = "$(inherited) @executable_path/Frameworks @loader_path/Frameworks";
				PRODUCT_BUNDLE_IDENTIFIER = HB.HBSegmentViewUITests;
				PRODUCT_NAME = "$(TARGET_NAME)";
				TEST_TARGET_NAME = HBSegmentView;
			};
			name = Release;
		};
/* End XCBuildConfiguration section */

/* Begin XCConfigurationList section */
		274BA4881CF7D747001D02F9 /* Build configuration list for PBXProject "HBSegmentView" */ = {
			isa = XCConfigurationList;
			buildConfigurations = (
				274BA4B31CF7D747001D02F9 /* Debug */,
				274BA4B41CF7D747001D02F9 /* Release */,
			);
			defaultConfigurationIsVisible = 0;
			defaultConfigurationName = Release;
		};
		274BA4B51CF7D747001D02F9 /* Build configuration list for PBXNativeTarget "HBSegmentView" */ = {
			isa = XCConfigurationList;
			buildConfigurations = (
				274BA4B61CF7D747001D02F9 /* Debug */,
				274BA4B71CF7D747001D02F9 /* Release */,
			);
			defaultConfigurationIsVisible = 0;
			defaultConfigurationName = Release;
		};
		274BA4B81CF7D747001D02F9 /* Build configuration list for PBXNativeTarget "HBSegmentViewTests" */ = {
			isa = XCConfigurationList;
			buildConfigurations = (
				274BA4B91CF7D747001D02F9 /* Debug */,
				274BA4BA1CF7D747001D02F9 /* Release */,
			);
			defaultConfigurationIsVisible = 0;
			defaultConfigurationName = Release;
		};
		274BA4BB1CF7D747001D02F9 /* Build configuration list for PBXNativeTarget "HBSegmentViewUITests" */ = {
			isa = XCConfigurationList;
			buildConfigurations = (
				274BA4BC1CF7D747001D02F9 /* Debug */,
				274BA4BD1CF7D747001D02F9 /* Release */,
			);
			defaultConfigurationIsVisible = 0;
			defaultConfigurationName = Release;
		};
/* End XCConfigurationList section */
	};
	rootObject = 274BA4851CF7D747001D02F9 /* Project object */;
}
